
Microsoft Visual Studio Solution File, Format Version 12.00
# Visual Studio Version 16
VisualStudioVersion = 16.0.29009.5
MinimumVisualStudioVersion = 10.0.40219.1
Project("{FAE04EC0-301F-11D3-BF4B-00C04F79EFBC}") = "WebApplication.Api", "WebApplication.Api\WebApplication.Api.csproj", "{55F4F1EA-A894-49BE-8AF5-01DF6755738F}"
EndProject
Project("{FAE04EC0-301F-11D3-BF4B-00C04F79EFBC}") = "WebApplication.DataAccess", "WebApplication.DataAccess\WebApplication.DataAccess.csproj", "{03927C58-D95B-4384-BBA2-6F90348F8D06}"
EndProject
Project("{FAE04EC0-301F-11D3-BF4B-00C04F79EFBC}") = "WebApplication.Entities", "WebApplication.Entities\WebApplication.Entities.csproj", "{0551C3B5-ADAA-4F04-8116-1E3879CB2AF4}"
EndProject
Project("{FAE04EC0-301F-11D3-BF4B-00C04F79EFBC}") = "WebApplication.BusinessLogic", "WebApplication.BusinessLogic\WebApplication.BusinessLogic.csproj", "{8DC13E56-26C4-46E2-8A60-DF743C3412F6}"
EndProject
Project("{FAE04EC0-301F-11D3-BF4B-00C04F79EFBC}") = "WebApplication.ViewModels", "WebApplication.ViewModels\WebApplication.ViewModels.csproj", "{E56FF39E-AAC8-47E8-9E2D-8521B923DF87}"
EndProject
Global
	GlobalSection(SolutionConfigurationPlatforms) = preSolution
		Debug|Any CPU = Debug|Any CPU
		Release|Any CPU = Release|Any CPU
	EndGlobalSection
	GlobalSection(ProjectConfigurationPlatforms) = postSolution
		{55F4F1EA-A894-49BE-8AF5-01DF6755738F}.Debug|Any CPU.ActiveCfg = Debug|Any CPU
		{55F4F1EA-A894-49BE-8AF5-01DF6755738F}.Debug|Any CPU.Build.0 = Debug|Any CPU
		{55F4F1EA-A894-49BE-8AF5-01DF6755738F}.Release|Any CPU.ActiveCfg = Release|Any CPU
		{55F4F1EA-A894-49BE-8AF5-01DF6755738F}.Release|Any CPU.Build.0 = Release|Any CPU
		{03927C58-D95B-4384-BBA2-6F90348F8D06}.Debug|Any CPU.ActiveCfg = Debug|Any CPU
		{03927C58-D95B-4384-BBA2-6F90348F8D06}.Debug|Any CPU.Build.0 = Debug|Any CPU
		{03927C58-D95B-4384-BBA2-6F90348F8D06}.Release|Any CPU.ActiveCfg = Release|Any CPU
		{03927C58-D95B-4384-BBA2-6F90348F8D06}.Release|Any CPU.Build.0 = Release|Any CPU
		{0551C3B5-ADAA-4F04-8116-1E3879CB2AF4}.Debug|Any CPU.ActiveCfg = Debug|Any CPU
		{0551C3B5-ADAA-4F04-8116-1E3879CB2AF4}.Debug|Any CPU.Build.0 = Debug|Any CPU
		{0551C3B5-ADAA-4F04-8116-1E3879CB2AF4}.Release|Any CPU.ActiveCfg = Release|Any CPU
		{0551C3B5-ADAA-4F04-8116-1E3879CB2AF4}.Release|Any CPU.Build.0 = Release|Any CPU
		{8DC13E56-26C4-46E2-8A60-DF743C3412F6}.Debug|Any CPU.ActiveCfg = Debug|Any CPU
		{8DC13E56-26C4-46E2-8A60-DF743C3412F6}.Debug|Any CPU.Build.0 = Debug|Any CPU
		{8DC13E56-26C4-46E2-8A60-DF743C3412F6}.Release|Any CPU.ActiveCfg = Release|Any CPU
		{8DC13E56-26C4-46E2-8A60-DF743C3412F6}.Release|Any CPU.Build.0 = Release|Any CPU
		{E56FF39E-AAC8-47E8-9E2D-8521B923DF87}.Debug|Any CPU.ActiveCfg = Debug|Any CPU
		{E56FF39E-AAC8-47E8-9E2D-8521B923DF87}.Debug|Any CPU.Build.0 = Debug|Any CPU
		{E56FF39E-AAC8-47E8-9E2D-8521B923DF87}.Release|Any CPU.ActiveCfg = Release|Any CPU
		{E56FF39E-AAC8-47E8-9E2D-8521B923DF87}.Release|Any CPU.Build.0 = Release|Any CPU
	EndGlobalSection
	GlobalSection(SolutionProperties) = preSolution
		HideSolutionNode = FALSE
	EndGlobalSection
	GlobalSection(ExtensibilityGlobals) = postSolution
		SolutionGuid = {44F406B5-28B2-4F02-B5E4-0F188A4706A1}
	EndGlobalSection
EndGlobal
